
Microsoft Visual Studio Solution File, Format Version 12.00
# Visual Studio Version 17
VisualStudioVersion = 17.10.34916.146
MinimumVisualStudioVersion = 10.0.40219.1
Project("{9A19103F-16F7-4668-BE54-9A1E7A4F7556}") = "OldHome.Service", "OldHome.Service\OldHome.Service.csproj", "{37FA6D95-CE3E-450D-AB8C-C77E89A8986A}"
EndProject
Project("{9A19103F-16F7-4668-BE54-9A1E7A4F7556}") = "OldHome.DTO", "OldHome.ODT\OldHome.DTO.csproj", "{8D0C8119-D913-4173-8C9B-0EBD12DE7DBD}"
EndProject
Project("{9A19103F-16F7-4668-BE54-9A1E7A4F7556}") = "OldHome.BLL", "OldHome.BLL\OldHome.BLL.csproj", "{E2CC834C-6125-4002-B245-0F728D1CC7C2}"
EndProject
Project("{9A19103F-16F7-4668-BE54-9A1E7A4F7556}") = "OldHome.DAL", "OldHome.DAL\OldHome.DAL.csproj", "{FA717C96-6E28-4F0B-BF74-6126F3250419}"
EndProject
Project("{9A19103F-16F7-4668-BE54-9A1E7A4F7556}") = "OldHome.DesktopApp", "OldHome.DesktopApp\OldHome.DesktopApp.csproj", "{F7CC8C65-F7A5-42FE-83B0-A9614355D96F}"
EndProject
Project("{2150E333-8FDC-42A3-9474-1A3956D46DE8}") = "Libs", "Libs", "{4776E345-8916-489E-8C66-B166C0E123B2}"
EndProject
Project("{2150E333-8FDC-42A3-9474-1A3956D46DE8}") = "Clients", "Clients", "{A976ECEC-1AE7-4D79-BCDB-E7B6248CE501}"
EndProject
Project("{9A19103F-16F7-4668-BE54-9A1E7A4F7556}") = "OldHome.Entities", "OldHome.Entities\OldHome.Entities.csproj", "{F08A6BC9-B88E-4049-AE24-165186AE655C}"
EndProject
Project("{9A19103F-16F7-4668-BE54-9A1E7A4F7556}") = "OldHome.Client.Tests", "OldHome.Client.Tests\OldHome.Client.Tests.csproj", "{62DC6F3B-393B-4351-93F9-CE3850D09291}"
EndProject
Project("{9A19103F-16F7-4668-BE54-9A1E7A4F7556}") = "OldHome.Core", "OldHome.Core\OldHome.Core.csproj", "{B6E9B158-FFEF-418A-9790-2261D1953EEF}"
EndProject
Project("{9A19103F-16F7-4668-BE54-9A1E7A4F7556}") = "AutoCompleteTextBox", "AutoCompleteTextBox\AutoCompleteTextBox.csproj", "{9A336018-EF78-47D8-8CB5-1C546C9B7026}"
EndProject
Global
	GlobalSection(SolutionConfigurationPlatforms) = preSolution
		Debug|Any CPU = Debug|Any CPU
		Release|Any CPU = Release|Any CPU
	EndGlobalSection
	GlobalSection(ProjectConfigurationPlatforms) = postSolution
		{37FA6D95-CE3E-450D-AB8C-C77E89A8986A}.Debug|Any CPU.ActiveCfg = Debug|Any CPU
		{37FA6D95-CE3E-450D-AB8C-C77E89A8986A}.Debug|Any CPU.Build.0 = Debug|Any CPU
		{37FA6D95-CE3E-450D-AB8C-C77E89A8986A}.Release|Any CPU.ActiveCfg = Release|Any CPU
		{37FA6D95-CE3E-450D-AB8C-C77E89A8986A}.Release|Any CPU.Build.0 = Release|Any CPU
		{8D0C8119-D913-4173-8C9B-0EBD12DE7DBD}.Debug|Any CPU.ActiveCfg = Debug|Any CPU
		{8D0C8119-D913-4173-8C9B-0EBD12DE7DBD}.Debug|Any CPU.Build.0 = Debug|Any CPU
		{8D0C8119-D913-4173-8C9B-0EBD12DE7DBD}.Release|Any CPU.ActiveCfg = Release|Any CPU
		{8D0C8119-D913-4173-8C9B-0EBD12DE7DBD}.Release|Any CPU.Build.0 = Release|Any CPU
		{E2CC834C-6125-4002-B245-0F728D1CC7C2}.Debug|Any CPU.ActiveCfg = Debug|Any CPU
		{E2CC834C-6125-4002-B245-0F728D1CC7C2}.Debug|Any CPU.Build.0 = Debug|Any CPU
		{E2CC834C-6125-4002-B245-0F728D1CC7C2}.Release|Any CPU.ActiveCfg = Release|Any CPU
		{E2CC834C-6125-4002-B245-0F728D1CC7C2}.Release|Any CPU.Build.0 = Release|Any CPU
		{FA717C96-6E28-4F0B-BF74-6126F3250419}.Debug|Any CPU.ActiveCfg = Debug|Any CPU
		{FA717C96-6E28-4F0B-BF74-6126F3250419}.Debug|Any CPU.Build.0 = Debug|Any CPU
		{FA717C96-6E28-4F0B-BF74-6126F3250419}.Release|Any CPU.ActiveCfg = Release|Any CPU
		{FA717C96-6E28-4F0B-BF74-6126F3250419}.Release|Any CPU.Build.0 = Release|Any CPU
		{F7CC8C65-F7A5-42FE-83B0-A9614355D96F}.Debug|Any CPU.ActiveCfg = Debug|Any CPU
		{F7CC8C65-F7A5-42FE-83B0-A9614355D96F}.Debug|Any CPU.Build.0 = Debug|Any CPU
		{F7CC8C65-F7A5-42FE-83B0-A9614355D96F}.Release|Any CPU.ActiveCfg = Release|Any CPU
		{F7CC8C65-F7A5-42FE-83B0-A9614355D96F}.Release|Any CPU.Build.0 = Release|Any CPU
		{F08A6BC9-B88E-4049-AE24-165186AE655C}.Debug|Any CPU.ActiveCfg = Debug|Any CPU
		{F08A6BC9-B88E-4049-AE24-165186AE655C}.Debug|Any CPU.Build.0 = Debug|Any CPU
		{F08A6BC9-B88E-4049-AE24-165186AE655C}.Release|Any CPU.ActiveCfg = Release|Any CPU
		{F08A6BC9-B88E-4049-AE24-165186AE655C}.Release|Any CPU.Build.0 = Release|Any CPU
		{62DC6F3B-393B-4351-93F9-CE3850D09291}.Debug|Any CPU.ActiveCfg = Debug|Any CPU
		{62DC6F3B-393B-4351-93F9-CE3850D09291}.Debug|Any CPU.Build.0 = Debug|Any CPU
		{62DC6F3B-393B-4351-93F9-CE3850D09291}.Release|Any CPU.ActiveCfg = Release|Any CPU
		{62DC6F3B-393B-4351-93F9-CE3850D09291}.Release|Any CPU.Build.0 = Release|Any CPU
		{B6E9B158-FFEF-418A-9790-2261D1953EEF}.Debug|Any CPU.ActiveCfg = Debug|Any CPU
		{B6E9B158-FFEF-418A-9790-2261D1953EEF}.Debug|Any CPU.Build.0 = Debug|Any CPU
		{B6E9B158-FFEF-418A-9790-2261D1953EEF}.Release|Any CPU.ActiveCfg = Release|Any CPU
		{B6E9B158-FFEF-418A-9790-2261D1953EEF}.Release|Any CPU.Build.0 = Release|Any CPU
		{9A336018-EF78-47D8-8CB5-1C546C9B7026}.Debug|Any CPU.ActiveCfg = Debug|Any CPU
		{9A336018-EF78-47D8-8CB5-1C546C9B7026}.Debug|Any CPU.Build.0 = Debug|Any CPU
		{9A336018-EF78-47D8-8CB5-1C546C9B7026}.Release|Any CPU.ActiveCfg = Release|Any CPU
		{9A336018-EF78-47D8-8CB5-1C546C9B7026}.Release|Any CPU.Build.0 = Release|Any CPU
	EndGlobalSection
	GlobalSection(SolutionProperties) = preSolution
		HideSolutionNode = FALSE
	EndGlobalSection
	GlobalSection(NestedProjects) = preSolution
		{8D0C8119-D913-4173-8C9B-0EBD12DE7DBD} = {4776E345-8916-489E-8C66-B166C0E123B2}
		{E2CC834C-6125-4002-B245-0F728D1CC7C2} = {4776E345-8916-489E-8C66-B166C0E123B2}
		{FA717C96-6E28-4F0B-BF74-6126F3250419} = {4776E345-8916-489E-8C66-B166C0E123B2}
		{F7CC8C65-F7A5-42FE-83B0-A9614355D96F} = {A976ECEC-1AE7-4D79-BCDB-E7B6248CE501}
		{F08A6BC9-B88E-4049-AE24-165186AE655C} = {4776E345-8916-489E-8C66-B166C0E123B2}
		{62DC6F3B-393B-4351-93F9-CE3850D09291} = {A976ECEC-1AE7-4D79-BCDB-E7B6248CE501}
		{B6E9B158-FFEF-418A-9790-2261D1953EEF} = {4776E345-8916-489E-8C66-B166C0E123B2}
		{9A336018-EF78-47D8-8CB5-1C546C9B7026} = {A976ECEC-1AE7-4D79-BCDB-E7B6248CE501}
	EndGlobalSection
	GlobalSection(ExtensibilityGlobals) = postSolution
		SolutionGuid = {7F996CFA-D4F5-4FD2-B873-F70DE0DC8D8B}
	EndGlobalSection
EndGlobal
